// !$*UTF8*$!
{
	archiveVersion = 1;
	classes = {
	};
	objectVersion = 46;
	objects = {

/* Begin PBXBuildFile section */
		836466FC1DEA894E008DCC9A /* AppDelegate.swift in Sources */ = {isa = PBXBuildFile; fileRef = 836466FB1DEA894E008DCC9A /* AppDelegate.swift */; };
		836466FE1DEA894E008DCC9A /* GameViewController.swift in Sources */ = {isa = PBXBuildFile; fileRef = 836466FD1DEA894E008DCC9A /* GameViewController.swift */; };
		836467031DEA894E008DCC9A /* Assets.xcassets in Resources */ = {isa = PBXBuildFile; fileRef = 836467021DEA894E008DCC9A /* Assets.xcassets */; };
		836467061DEA894E008DCC9A /* LaunchScreen.storyboard in Resources */ = {isa = PBXBuildFile; fileRef = 836467041DEA894E008DCC9A /* LaunchScreen.storyboard */; };
		836467111DEA894E008DCC9A /* FlipWordTests.swift in Sources */ = {isa = PBXBuildFile; fileRef = 836467101DEA894E008DCC9A /* FlipWordTests.swift */; };
		8364671C1DEA894E008DCC9A /* FlipWordUITests.swift in Sources */ = {isa = PBXBuildFile; fileRef = 8364671B1DEA894E008DCC9A /* FlipWordUITests.swift */; };
		8364672F1DEAA1EA008DCC9A /* Button.swift in Sources */ = {isa = PBXBuildFile; fileRef = 8364672E1DEAA1EA008DCC9A /* Button.swift */; };
		83F704581DF659B900B44C1F /* EndViewController.swift in Sources */ = {isa = PBXBuildFile; fileRef = 83F704571DF659B900B44C1F /* EndViewController.swift */; };
		83F7045A1DF6614300B44C1F /* Main.storyboard in Resources */ = {isa = PBXBuildFile; fileRef = 83F704591DF6614300B44C1F /* Main.storyboard */; };
/* End PBXBuildFile section */

/* Begin PBXContainerItemProxy section */
		8364670D1DEA894E008DCC9A /* PBXContainerItemProxy */ = {
			isa = PBXContainerItemProxy;
			containerPortal = 836466F01DEA894D008DCC9A /* Project object */;
			proxyType = 1;
			remoteGlobalIDString = 836466F71DEA894D008DCC9A;
			remoteInfo = FlipWord;
		};
		836467181DEA894E008DCC9A /* PBXContainerItemProxy */ = {
			isa = PBXContainerItemProxy;
			containerPortal = 836466F01DEA894D008DCC9A /* Project object */;
			proxyType = 1;
			remoteGlobalIDString = 836466F71DEA894D008DCC9A;
			remoteInfo = FlipWord;
		};
/* End PBXContainerItemProxy section */

/* Begin PBXFileReference section */
		836466F81DEA894E008DCC9A /* FlipWord.app */ = {isa = PBXFileReference; explicitFileType = wrapper.application; includeInIndex = 0; path = FlipWord.app; sourceTree = BUILT_PRODUCTS_DIR; };
		836466FB1DEA894E008DCC9A /* AppDelegate.swift */ = {isa = PBXFileReference; lastKnownFileType = sourcecode.swift; path = AppDelegate.swift; sourceTree = "<group>"; };
		836466FD1DEA894E008DCC9A /* GameViewController.swift */ = {isa = PBXFileReference; lastKnownFileType = sourcecode.swift; path = GameViewController.swift; sourceTree = "<group>"; };
		836467021DEA894E008DCC9A /* Assets.xcassets */ = {isa = PBXFileReference; lastKnownFileType = folder.assetcatalog; path = Assets.xcassets; sourceTree = "<group>"; };
		836467051DEA894E008DCC9A /* Base */ = {isa = PBXFileReference; lastKnownFileType = file.storyboard; name = Base; path = Base.lproj/LaunchScreen.storyboard; sourceTree = "<group>"; };
		836467071DEA894E008DCC9A /* Info.plist */ = {isa = PBXFileReference; lastKnownFileType = text.plist.xml; path = Info.plist; sourceTree = "<group>"; };
		8364670C1DEA894E008DCC9A /* FlipWordTests.xctest */ = {isa = PBXFileReference; explicitFileType = wrapper.cfbundle; includeInIndex = 0; path = FlipWordTests.xctest; sourceTree = BUILT_PRODUCTS_DIR; };
		836467101DEA894E008DCC9A /* FlipWordTests.swift */ = {isa = PBXFileReference; lastKnownFileType = sourcecode.swift; path = FlipWordTests.swift; sourceTree = "<group>"; };
		836467121DEA894E008DCC9A /* Info.plist */ = {isa = PBXFileReference; lastKnownFileType = text.plist.xml; path = Info.plist; sourceTree = "<group>"; };
		836467171DEA894E008DCC9A /* FlipWordUITests.xctest */ = {isa = PBXFileReference; explicitFileType = wrapper.cfbundle; includeInIndex = 0; path = FlipWordUITests.xctest; sourceTree = BUILT_PRODUCTS_DIR; };
		8364671B1DEA894E008DCC9A /* FlipWordUITests.swift */ = {isa = PBXFileReference; lastKnownFileType = sourcecode.swift; path = FlipWordUITests.swift; sourceTree = "<group>"; };
		8364671D1DEA894E008DCC9A /* Info.plist */ = {isa = PBXFileReference; lastKnownFileType = text.plist.xml; path = Info.plist; sourceTree = "<group>"; };
		8364672E1DEAA1EA008DCC9A /* Button.swift */ = {isa = PBXFileReference; fileEncoding = 4; lastKnownFileType = sourcecode.swift; path = Button.swift; sourceTree = "<group>"; };
		83F704571DF659B900B44C1F /* EndViewController.swift */ = {isa = PBXFileReference; fileEncoding = 4; lastKnownFileType = sourcecode.swift; path = EndViewController.swift; sourceTree = "<group>"; };
		83F704591DF6614300B44C1F /* Main.storyboard */ = {isa = PBXFileReference; fileEncoding = 4; lastKnownFileType = file.storyboard; name = Main.storyboard; path = ../../../.Trash/Main.storyboard; sourceTree = "<group>"; };
/* End PBXFileReference section */

/* Begin PBXFrameworksBuildPhase section */
		836466F51DEA894D008DCC9A /* Frameworks */ = {
			isa = PBXFrameworksBuildPhase;
			buildActionMask = 2147483647;
			files = (
			);
			runOnlyForDeploymentPostprocessing = 0;
		};
		836467091DEA894E008DCC9A /* Frameworks */ = {
			isa = PBXFrameworksBuildPhase;
			buildActionMask = 2147483647;
			files = (
			);
			runOnlyForDeploymentPostprocessing = 0;
		};
		836467141DEA894E008DCC9A /* Frameworks */ = {
			isa = PBXFrameworksBuildPhase;
			buildActionMask = 2147483647;
			files = (
			);
			runOnlyForDeploymentPostprocessing = 0;
		};
/* End PBXFrameworksBuildPhase section */

/* Begin PBXGroup section */
		836466EF1DEA894D008DCC9A = {
			isa = PBXGroup;
			children = (
				836466FA1DEA894E008DCC9A /* FlipWord */,
				8364670F1DEA894E008DCC9A /* FlipWordTests */,
				8364671A1DEA894E008DCC9A /* FlipWordUITests */,
				836466F91DEA894E008DCC9A /* Products */,
			);
			sourceTree = "<group>";
		};
		836466F91DEA894E008DCC9A /* Products */ = {
			isa = PBXGroup;
			children = (
				836466F81DEA894E008DCC9A /* FlipWord.app */,
				8364670C1DEA894E008DCC9A /* FlipWordTests.xctest */,
				836467171DEA894E008DCC9A /* FlipWordUITests.xctest */,
			);
			name = Products;
			sourceTree = "<group>";
		};
		836466FA1DEA894E008DCC9A /* FlipWord */ = {
			isa = PBXGroup;
			children = (
				8364672B1DEA8A72008DCC9A /* View Controllers */,
				836467021DEA894E008DCC9A /* Assets.xcassets */,
				83F704591DF6614300B44C1F /* Main.storyboard */,
				836467041DEA894E008DCC9A /* LaunchScreen.storyboard */,
				836466FB1DEA894E008DCC9A /* AppDelegate.swift */,
				8364672E1DEAA1EA008DCC9A /* Button.swift */,
				836467071DEA894E008DCC9A /* Info.plist */,
			);
			path = FlipWord;
			sourceTree = "<group>";
		};
		8364670F1DEA894E008DCC9A /* FlipWordTests */ = {
			isa = PBXGroup;
			children = (
				836467101DEA894E008DCC9A /* FlipWordTests.swift */,
				836467121DEA894E008DCC9A /* Info.plist */,
			);
			path = FlipWordTests;
			sourceTree = "<group>";
		};
		8364671A1DEA894E008DCC9A /* FlipWordUITests */ = {
			isa = PBXGroup;
			children = (
				8364671B1DEA894E008DCC9A /* FlipWordUITests.swift */,
				8364671D1DEA894E008DCC9A /* Info.plist */,
			);
			path = FlipWordUITests;
			sourceTree = "<group>";
		};
		8364672B1DEA8A72008DCC9A /* View Controllers */ = {
			isa = PBXGroup;
			children = (
				836466FD1DEA894E008DCC9A /* GameViewController.swift */,
				83F704571DF659B900B44C1F /* EndViewController.swift */,
			);
			name = "View Controllers";
			sourceTree = "<group>";
		};
/* End PBXGroup section */

/* Begin PBXNativeTarget section */
		836466F71DEA894D008DCC9A /* FlipWord */ = {
			isa = PBXNativeTarget;
			buildConfigurationList = 836467201DEA894E008DCC9A /* Build configuration list for PBXNativeTarget "FlipWord" */;
			buildPhases = (
				836466F41DEA894D008DCC9A /* Sources */,
				836466F51DEA894D008DCC9A /* Frameworks */,
				836466F61DEA894D008DCC9A /* Resources */,
			);
			buildRules = (
			);
			dependencies = (
			);
			name = FlipWord;
			productName = FlipWord;
			productReference = 836466F81DEA894E008DCC9A /* FlipWord.app */;
			productType = "com.apple.product-type.application";
		};
		8364670B1DEA894E008DCC9A /* FlipWordTests */ = {
			isa = PBXNativeTarget;
			buildConfigurationList = 836467231DEA894E008DCC9A /* Build configuration list for PBXNativeTarget "FlipWordTests" */;
			buildPhases = (
				836467081DEA894E008DCC9A /* Sources */,
				836467091DEA894E008DCC9A /* Frameworks */,
				8364670A1DEA894E008DCC9A /* Resources */,
			);
			buildRules = (
			);
			dependencies = (
				8364670E1DEA894E008DCC9A /* PBXTargetDependency */,
			);
			name = FlipWordTests;
			productName = FlipWordTests;
			productReference = 8364670C1DEA894E008DCC9A /* FlipWordTests.xctest */;
			productType = "com.apple.product-type.bundle.unit-test";
		};
		836467161DEA894E008DCC9A /* FlipWordUITests */ = {
			isa = PBXNativeTarget;
			buildConfigurationList = 836467261DEA894E008DCC9A /* Build configuration list for PBXNativeTarget "FlipWordUITests" */;
			buildPhases = (
				836467131DEA894E008DCC9A /* Sources */,
				836467141DEA894E008DCC9A /* Frameworks */,
				836467151DEA894E008DCC9A /* Resources */,
			);
			buildRules = (
			);
			dependencies = (
				836467191DEA894E008DCC9A /* PBXTargetDependency */,
			);
			name = FlipWordUITests;
			productName = FlipWordUITests;
			productReference = 836467171DEA894E008DCC9A /* FlipWordUITests.xctest */;
			productType = "com.apple.product-type.bundle.ui-testing";
		};
/* End PBXNativeTarget section */

/* Begin PBXProject section */
		836466F01DEA894D008DCC9A /* Project object */ = {
			isa = PBXProject;
			attributes = {
				LastSwiftUpdateCheck = 0730;
				LastUpgradeCheck = 0730;
				ORGANIZATIONNAME = "Chris Chueh";
				TargetAttributes = {
					836466F71DEA894D008DCC9A = {
						CreatedOnToolsVersion = 7.3.1;
						DevelopmentTeam = LP22J464X7;
					};
					8364670B1DEA894E008DCC9A = {
						CreatedOnToolsVersion = 7.3.1;
						TestTargetID = 836466F71DEA894D008DCC9A;
					};
					836467161DEA894E008DCC9A = {
						CreatedOnToolsVersion = 7.3.1;
						TestTargetID = 836466F71DEA894D008DCC9A;
					};
				};
			};
			buildConfigurationList = 836466F31DEA894D008DCC9A /* Build configuration list for PBXProject "FlipWord" */;
			compatibilityVersion = "Xcode 3.2";
			developmentRegion = English;
			hasScannedForEncodings = 0;
			knownRegions = (
				en,
				Base,
			);
			mainGroup = 836466EF1DEA894D008DCC9A;
			productRefGroup = 836466F91DEA894E008DCC9A /* Products */;
			projectDirPath = "";
			projectRoot = "";
			targets = (
				836466F71DEA894D008DCC9A /* FlipWord */,
				8364670B1DEA894E008DCC9A /* FlipWordTests */,
				836467161DEA894E008DCC9A /* FlipWordUITests */,
			);
		};
/* End PBXProject section */

/* Begin PBXResourcesBuildPhase section */
		836466F61DEA894D008DCC9A /* Resources */ = {
			isa = PBXResourcesBuildPhase;
			buildActionMask = 2147483647;
			files = (
				83F7045A1DF6614300B44C1F /* Main.storyboard in Resources */,
				836467061DEA894E008DCC9A /* LaunchScreen.storyboard in Resources */,
				836467031DEA894E008DCC9A /* Assets.xcassets in Resources */,
			);
			runOnlyForDeploymentPostprocessing = 0;
		};
		8364670A1DEA894E008DCC9A /* Resources */ = {
			isa = PBXResourcesBuildPhase;
			buildActionMask = 2147483647;
			files = (
			);
			runOnlyForDeploymentPostprocessing = 0;
		};
		836467151DEA894E008DCC9A /* Resources */ = {
			isa = PBXResourcesBuildPhase;
			buildActionMask = 2147483647;
			files = (
			);
			runOnlyForDeploymentPostprocessing = 0;
		};
/* End PBXResourcesBuildPhase section */

/* Begin PBXSourcesBuildPhase section */
		836466F41DEA894D008DCC9A /* Sources */ = {
			isa = PBXSourcesBuildPhase;
			buildActionMask = 2147483647;
			files = (
				83F704581DF659B900B44C1F /* EndViewController.swift in Sources */,
				836466FE1DEA894E008DCC9A /* GameViewController.swift in Sources */,
				8364672F1DEAA1EA008DCC9A /* Button.swift in Sources */,
				836466FC1DEA894E008DCC9A /* AppDelegate.swift in Sources */,
			);
			runOnlyForDeploymentPostprocessing = 0;
		};
		836467081DEA894E008DCC9A /* Sources */ = {
			isa = PBXSourcesBuildPhase;
			buildActionMask = 2147483647;
			files = (
				836467111DEA894E008DCC9A /* FlipWordTests.swift in Sources */,
			);
			runOnlyForDeploymentPostprocessing = 0;
		};
		836467131DEA894E008DCC9A /* Sources */ = {
			isa = PBXSourcesBuildPhase;
			buildActionMask = 2147483647;
			files = (
				8364671C1DEA894E008DCC9A /* FlipWordUITests.swift in Sources */,
			);
			runOnlyForDeploymentPostprocessing = 0;
		};
/* End PBXSourcesBuildPhase section */

/* Begin PBXTargetDependency section */
		8364670E1DEA894E008DCC9A /* PBXTargetDependency */ = {
			isa = PBXTargetDependency;
			target = 836466F71DEA894D008DCC9A /* FlipWord */;
			targetProxy = 8364670D1DEA894E008DCC9A /* PBXContainerItemProxy */;
		};
		836467191DEA894E008DCC9A /* PBXTargetDependency */ = {
			isa = PBXTargetDependency;
			target = 836466F71DEA894D008DCC9A /* FlipWord */;
			targetProxy = 836467181DEA894E008DCC9A /* PBXContainerItemProxy */;
		};
/* End PBXTargetDependency section */

/* Begin PBXVariantGroup section */
		836467041DEA894E008DCC9A /* LaunchScreen.storyboard */ = {
			isa = PBXVariantGroup;
			children = (
				836467051DEA894E008DCC9A /* Base */,
			);
			name = LaunchScreen.storyboard;
			sourceTree = "<group>";
		};
/* End PBXVariantGroup section */

/* Begin XCBuildConfiguration section */
		8364671E1DEA894E008DCC9A /* Debug */ = {
			isa = XCBuildConfiguration;
			buildSettings = {
				ALWAYS_SEARCH_USER_PATHS = NO;
				CLANG_ANALYZER_NONNULL = YES;
				CLANG_CXX_LANGUAGE_STANDARD = "gnu++0x";
				CLANG_CXX_LIBRARY = "libc++";
				CLANG_ENABLE_MODULES = YES;
				CLANG_ENABLE_OBJC_ARC = YES;
				CLANG_WARN_BOOL_CONVERSION = YES;
				CLANG_WARN_CONSTANT_CONVERSION = YES;
				CLANG_WARN_DIRECT_OBJC_ISA_USAGE = YES_ERROR;
				CLANG_WARN_EMPTY_BODY = YES;
				CLANG_WARN_ENUM_CONVERSION = YES;
				CLANG_WARN_INT_CONVERSION = YES;
				CLANG_WARN_OBJC_ROOT_CLASS = YES_ERROR;
				CLANG_WARN_UNREACHABLE_CODE = YES;
				CLANG_WARN__DUPLICATE_METHOD_MATCH = YES;
				"CODE_SIGN_IDENTITY[sdk=iphoneos*]" = "iPhone Developer";
				COPY_PHASE_STRIP = NO;
				DEBUG_INFORMATION_FORMAT = dwarf;
				ENABLE_STRICT_OBJC_MSGSEND = YES;
				ENABLE_TESTABILITY = YES;
				GCC_C_LANGUAGE_STANDARD = gnu99;
				GCC_DYNAMIC_NO_PIC = NO;
				GCC_NO_COMMON_BLOCKS = YES;
				GCC_OPTIMIZATION_LEVEL = 0;
				GCC_PREPROCESSOR_DEFINITIONS = (
					"DEBUG=1",
					"$(inherited)",
				);
				GCC_WARN_64_TO_32_BIT_CONVERSION = YES;
				GCC_WARN_ABOUT_RETURN_TYPE = YES_ERROR;
				GCC_WARN_UNDECLARED_SELECTOR = YES;
				GCC_WARN_UNINITIALIZED_AUTOS = YES_AGGRESSIVE;
				GCC_WARN_UNUSED_FUNCTION = YES;
				GCC_WARN_UNUSED_VARIABLE = YES;
				IPHONEOS_DEPLOYMENT_TARGET = 9.3;
				MTL_ENABLE_DEBUG_INFO = YES;
				ONLY_ACTIVE_ARCH = YES;
				SDKROOT = iphoneos;
				SWIFT_OPTIMIZATION_LEVEL = "-Onone";
				TARGETED_DEVICE_FAMILY = "1,2";
			};
			name = Debug;
		};
		8364671F1DEA894E008DCC9A /* Release */ = {
			isa = XCBuildConfiguration;
			buildSettings = {
				ALWAYS_SEARCH_USER_PATHS = NO;
				CLANG_ANALYZER_NONNULL = YES;
				CLANG_CXX_LANGUAGE_STANDARD = "gnu++0x";
				CLANG_CXX_LIBRARY = "libc++";
				CLANG_ENABLE_MODULES = YES;
				CLANG_ENABLE_OBJC_ARC = YES;
				CLANG_WARN_BOOL_CONVERSION = YES;
				CLANG_WARN_CONSTANT_CONVERSION = YES;
				CLANG_WARN_DIRECT_OBJC_ISA_USAGE = YES_ERROR;
				CLANG_WARN_EMPTY_BODY = YES;
				CLANG_WARN_ENUM_CONVERSION = YES;
				CLANG_WARN_INT_CONVERSION = YES;
				CLANG_WARN_OBJC_ROOT_CLASS = YES_ERROR;
				CLANG_WARN_UNREACHABLE_CODE = YES;
				CLANG_WARN__DUPLICATE_METHOD_MATCH = YES;
				"CODE_SIGN_IDENTITY[sdk=iphoneos*]" = "iPhone Developer";
				COPY_PHASE_STRIP = NO;
				DEBUG_INFORMATION_FORMAT = "dwarf-with-dsym";
				ENABLE_NS_ASSERTIONS = NO;
				ENABLE_STRICT_OBJC_MSGSEND = YES;
				GCC_C_LANGUAGE_STANDARD = gnu99;
				GCC_NO_COMMON_BLOCKS = YES;
				GCC_WARN_64_TO_32_BIT_CONVERSION = YES;
				GCC_WARN_ABOUT_RETURN_TYPE = YES_ERROR;
				GCC_WARN_UNDECLARED_SELECTOR = YES;
				GCC_WARN_UNINITIALIZED_AUTOS = YES_AGGRESSIVE;
				GCC_WARN_UNUSED_FUNCTION = YES;
				GCC_WARN_UNUSED_VARIABLE = YES;
				IPHONEOS_DEPLOYMENT_TARGET = 9.3;
				MTL_ENABLE_DEBUG_INFO = NO;
				SDKROOT = iphoneos;
				TARGETED_DEVICE_FAMILY = "1,2";
				VALIDATE_PRODUCT = YES;
			};
			name = Release;
		};
		836467211DEA894E008DCC9A /* Debug */ = {
			isa = XCBuildConfiguration;
			buildSettings = {
				ASSETCATALOG_COMPILER_APPICON_NAME = AppIcon;
				CODE_SIGN_IDENTITY = "iPhone Developer";
				"CODE_SIGN_IDENTITY[sdk=iphoneos*]" = "iPhone Developer";
				INFOPLIST_FILE = FlipWord/Info.plist;
				LD_RUNPATH_SEARCH_PATHS = "$(inherited) @executable_path/Frameworks";
				PRODUCT_BUNDLE_IDENTIFIER = com.ChrisChueh.FlipWord;
				PRODUCT_NAME = "$(TARGET_NAME)";
				PROVISIONING_PROFILE = "";
			};
			name = Debug;
		};
		836467221DEA894E008DCC9A /* Release */ = {
			isa = XCBuildConfiguration;
			buildSettings = {
				ASSETCATALOG_COMPILER_APPICON_NAME = AppIcon;
				CODE_SIGN_IDENTITY = "iPhone Developer";
				"CODE_SIGN_IDENTITY[sdk=iphoneos*]" = "iPhone Developer";
				INFOPLIST_FILE = FlipWord/Info.plist;
				LD_RUNPATH_SEARCH_PATHS = "$(inherited) @executable_path/Frameworks";
				PRODUCT_BUNDLE_IDENTIFIER = com.ChrisChueh.FlipWord;
				PRODUCT_NAME = "$(TARGET_NAME)";
				PROVISIONING_PROFILE = "";
			};
			name = Release;
		};
		836467241DEA894E008DCC9A /* Debug */ = {
			isa = XCBuildConfiguration;
			buildSettings = {
				BUNDLE_LOADER = "$(TEST_HOST)";
				INFOPLIST_FILE = FlipWordTests/Info.plist;
				LD_RUNPATH_SEARCH_PATHS = "$(inherited) @executable_path/Frameworks @loader_path/Frameworks";
				PRODUCT_BUNDLE_IDENTIFIER = com.ChrisChueh.FlipWordTests;
				PRODUCT_NAME = "$(TARGET_NAME)";
				TEST_HOST = "$(BUILT_PRODUCTS_DIR)/FlipWord.app/FlipWord";
			};
			name = Debug;
		};
		836467251DEA894E008DCC9A /* Release */ = {
			isa = XCBuildConfiguration;
			buildSettings = {
				BUNDLE_LOADER = "$(TEST_HOST)";
				INFOPLIST_FILE = FlipWordTests/Info.plist;
				LD_RUNPATH_SEARCH_PATHS = "$(inherited) @executable_path/Frameworks @loader_path/Frameworks";
				PRODUCT_BUNDLE_IDENTIFIER = com.ChrisChueh.FlipWordTests;
				PRODUCT_NAME = "$(TARGET_NAME)";
				TEST_HOST = "$(BUILT_PRODUCTS_DIR)/FlipWord.app/FlipWord";
			};
			name = Release;
		};
		836467271DEA894E008DCC9A /* Debug */ = {
			isa = XCBuildConfiguration;
			buildSettings = {
				INFOPLIST_FILE = FlipWordUITests/Info.plist;
				LD_RUNPATH_SEARCH_PATHS = "$(inherited) @executable_path/Frameworks @loader_path/Frameworks";
				PRODUCT_BUNDLE_IDENTIFIER = com.ChrisChueh.FlipWordUITests;
				PRODUCT_NAME = "$(TARGET_NAME)";
				TEST_TARGET_NAME = FlipWord;
			};
			name = Debug;
		};
		836467281DEA894E008DCC9A /* Release */ = {
			isa = XCBuildConfiguration;
			buildSettings = {
				INFOPLIST_FILE = FlipWordUITests/Info.plist;
				LD_RUNPATH_SEARCH_PATHS = "$(inherited) @executable_path/Frameworks @loader_path/Frameworks";
				PRODUCT_BUNDLE_IDENTIFIER = com.ChrisChueh.FlipWordUITests;
				PRODUCT_NAME = "$(TARGET_NAME)";
				TEST_TARGET_NAME = FlipWord;
			};
			name = Release;
		};
/* End XCBuildConfiguration section */

/* Begin XCConfigurationList section */
		836466F31DEA894D008DCC9A /* Build configuration list for PBXProject "FlipWord" */ = {
			isa = XCConfigurationList;
			buildConfigurations = (
				8364671E1DEA894E008DCC9A /* Debug */,
				8364671F1DEA894E008DCC9A /* Release */,
			);
			defaultConfigurationIsVisible = 0;
			defaultConfigurationName = Release;
		};
		836467201DEA894E008DCC9A /* Build configuration list for PBXNativeTarget "FlipWord" */ = {
			isa = XCConfigurationList;
			buildConfigurations = (
				836467211DEA894E008DCC9A /* Debug */,
				836467221DEA894E008DCC9A /* Release */,
			);
			defaultConfigurationIsVisible = 0;
			defaultConfigurationName = Release;
		};
		836467231DEA894E008DCC9A /* Build configuration list for PBXNativeTarget "FlipWordTests" */ = {
			isa = XCConfigurationList;
			buildConfigurations = (
				836467241DEA894E008DCC9A /* Debug */,
				836467251DEA894E008DCC9A /* Release */,
			);
			defaultConfigurationIsVisible = 0;
			defaultConfigurationName = Release;
		};
		836467261DEA894E008DCC9A /* Build configuration list for PBXNativeTarget "FlipWordUITests" */ = {
			isa = XCConfigurationList;
			buildConfigurations = (
				836467271DEA894E008DCC9A /* Debug */,
				836467281DEA894E008DCC9A /* Release */,
			);
			defaultConfigurationIsVisible = 0;
			defaultConfigurationName = Release;
		};
/* End XCConfigurationList section */
	};
	rootObject = 836466F01DEA894D008DCC9A /* Project object */;
}
